
Microsoft Visual Studio Solution File, Format Version 12.00
# Visual Studio Version 16
VisualStudioVersion = 16.0.30204.135
MinimumVisualStudioVersion = 10.0.40219.1
Project("{FAE04EC0-301F-11D3-BF4B-00C04F79EFBC}") = "ASPNetMVC", "ASPNetMVC\ASPNetMVC.csproj", "{6048050A-079E-4A2E-B627-77DE3F7EC717}"
EndProject
Global
	GlobalSection(SolutionConfigurationPlatforms) = preSolution
		Debug|Any CPU = Debug|Any CPU
		Release|Any CPU = Release|Any CPU
	EndGlobalSection
	GlobalSection(ProjectConfigurationPlatforms) = postSolution
		{6048050A-079E-4A2E-B627-77DE3F7EC717}.Debug|Any CPU.ActiveCfg = Debug|Any CPU
		{6048050A-079E-4A2E-B627-77DE3F7EC717}.Debug|Any CPU.Build.0 = Debug|Any CPU
		{6048050A-079E-4A2E-B627-77DE3F7EC717}.Release|Any CPU.ActiveCfg = Release|Any CPU
		{6048050A-079E-4A2E-B627-77DE3F7EC717}.Release|Any CPU.Build.0 = Release|Any CPU
	EndGlobalSection
	GlobalSection(SolutionProperties) = preSolution
		HideSolutionNode = FALSE
	EndGlobalSection
	GlobalSection(ExtensibilityGlobals) = postSolution
		SolutionGuid = {374B536D-BEFA-41EC-A9AD-8140E0E774FE}
	EndGlobalSection
EndGlobal
